
Microsoft Visual Studio Solution File, Format Version 12.00
# Visual Studio Version 16
VisualStudioVersion = 16.0.31729.503
MinimumVisualStudioVersion = 10.0.40219.1
Project("{F184B08F-C81C-45F6-A57F-5ABD9991F28F}") = "VB_NET_TicTacToe", "VB_NET_TicTacToe\VB_NET_TicTacToe.vbproj", "{54E102D5-2A73-494C-9D51-53F4D223E734}"
EndProject
Global
	GlobalSection(SolutionConfigurationPlatforms) = preSolution
		Debug|Any CPU = Debug|Any CPU
		Release|Any CPU = Release|Any CPU
	EndGlobalSection
	GlobalSection(ProjectConfigurationPlatforms) = postSolution
		{54E102D5-2A73-494C-9D51-53F4D223E734}.Debug|Any CPU.ActiveCfg = Debug|Any CPU
		{54E102D5-2A73-494C-9D51-53F4D223E734}.Debug|Any CPU.Build.0 = Debug|Any CPU
		{54E102D5-2A73-494C-9D51-53F4D223E734}.Release|Any CPU.ActiveCfg = Release|Any CPU
		{54E102D5-2A73-494C-9D51-53F4D223E734}.Release|Any CPU.Build.0 = Release|Any CPU
	EndGlobalSection
	GlobalSection(SolutionProperties) = preSolution
		HideSolutionNode = FALSE
	EndGlobalSection
	GlobalSection(ExtensibilityGlobals) = postSolution
		SolutionGuid = {FE59521F-66C7-4929-8B31-74394DCAF107}
	EndGlobalSection
EndGlobal
